{
  "requires": true,
  "lockfileVersion": 1,
  "dependencies": {
    "serverless-rust": {
      "version": "file:../..",
      "dev": true,
      "requires": {
        "fs-copy-file-sync": "^1.1.1",
        "fs-extra": "^8.1.0",
        "serverless": "^1.47.0",
        "test": "^0.6.0"
      }
    }
  }
}
